
Microsoft Visual Studio Solution File, Format Version 12.00
# Visual Studio Version 16
VisualStudioVersion = 16.0.33529.622
MinimumVisualStudioVersion = 10.0.40219.1
Project("{FAE04EC0-301F-11D3-BF4B-00C04F79EFBC}") = "SEAL", "SEAL.csproj", "{C1BE56C9-A447-4FED-AFDA-D98523E5E77E}"
EndProject
Global
	GlobalSection(SolutionConfigurationPlatforms) = preSolution
		Debug|Any CPU = Debug|Any CPU
		Release|Any CPU = Release|Any CPU
	EndGlobalSection
	GlobalSection(ProjectConfigurationPlatforms) = postSolution
		{C1BE56C9-A447-4FED-AFDA-D98523E5E77E}.Debug|Any CPU.ActiveCfg = Debug|Any CPU
		{C1BE56C9-A447-4FED-AFDA-D98523E5E77E}.Debug|Any CPU.Build.0 = Debug|Any CPU
		{C1BE56C9-A447-4FED-AFDA-D98523E5E77E}.Release|Any CPU.ActiveCfg = Release|Any CPU
		{C1BE56C9-A447-4FED-AFDA-D98523E5E77E}.Release|Any CPU.Build.0 = Release|Any CPU
	EndGlobalSection
	GlobalSection(SolutionProperties) = preSolution
		HideSolutionNode = FALSE
	EndGlobalSection
	GlobalSection(ExtensibilityGlobals) = postSolution
		SolutionGuid = {7F28C28A-55D1-44B4-A121-EE467DF81867}
	EndGlobalSection
EndGlobal
